{
  "name": "simple-service",
  "version": "1.0.0",
  "lockfileVersion": 1,
  "requires": true,
  "dependencies": {
    "@digitaltoolbuilders/serverless-plugin-copy-artifact": {
      "version": "file:..",
      "dev": true,
      "requires": {
        "fs-extra": "^9.1.0"
      },
      "dependencies": {
        "at-least-node": {
          "version": "1.0.0",
          "dev": true
        },
        "fs-extra": {
          "version": "9.1.0",
          "dev": true,
          "requires": {
            "at-least-node": "^1.0.0",
            "graceful-fs": "^4.2.0",
            "jsonfile": "^6.0.1",
            "universalify": "^2.0.0"
          }
        },
        "graceful-fs": {
          "version": "4.2.6",
          "dev": true
        },
        "jsonfile": {
          "version": "6.1.0",
          "dev": true,
          "requires": {
            "graceful-fs": "^4.1.6",
            "universalify": "^2.0.0"
          }
        },
        "universalify": {
          "version": "2.0.0",
          "dev": true
        }
      }
    }
  }
}
